
Microsoft Visual Studio Solution File, Format Version 12.00
# Visual Studio Version 17
VisualStudioVersion = 17.5.33414.496
MinimumVisualStudioVersion = 10.0.40219.1
Project("{FAE04EC0-301F-11D3-BF4B-00C04F79EFBC}") = "AcademiaAtos_Exercicio02", "AcademiaAtos_Exercicio02.csproj", "{63C2789F-9F82-4683-82FB-AE28C0866710}"
EndProject
Global
	GlobalSection(SolutionConfigurationPlatforms) = preSolution
		Debug|Any CPU = Debug|Any CPU
		Release|Any CPU = Release|Any CPU
	EndGlobalSection
	GlobalSection(ProjectConfigurationPlatforms) = postSolution
		{63C2789F-9F82-4683-82FB-AE28C0866710}.Debug|Any CPU.ActiveCfg = Debug|Any CPU
		{63C2789F-9F82-4683-82FB-AE28C0866710}.Debug|Any CPU.Build.0 = Debug|Any CPU
		{63C2789F-9F82-4683-82FB-AE28C0866710}.Release|Any CPU.ActiveCfg = Release|Any CPU
		{63C2789F-9F82-4683-82FB-AE28C0866710}.Release|Any CPU.Build.0 = Release|Any CPU
	EndGlobalSection
	GlobalSection(SolutionProperties) = preSolution
		HideSolutionNode = FALSE
	EndGlobalSection
	GlobalSection(ExtensibilityGlobals) = postSolution
		SolutionGuid = {A7254FDE-848E-4D90-A4D1-8B17E56D34BC}
	EndGlobalSection
EndGlobal
